
Microsoft Visual Studio Solution File, Format Version 12.00
# Visual Studio Version 16
VisualStudioVersion = 16.0.30105.148
MinimumVisualStudioVersion = 10.0.40219.1
Project("{9A19103F-16F7-4668-BE54-9A1E7A4F7556}") = "Payroll.Server", "Payroll\Server\Payroll.Server.csproj", "{B911C86C-BD9C-428F-B4FB-6D78ECEF524F}"
EndProject
Project("{9A19103F-16F7-4668-BE54-9A1E7A4F7556}") = "Payroll.Client", "Payroll\Client\Payroll.Client.csproj", "{6FC4FCBB-B0FC-4238-AEF5-2F506A92BEA8}"
EndProject
Project("{9A19103F-16F7-4668-BE54-9A1E7A4F7556}") = "Payroll.Shared", "Payroll\Shared\Payroll.Shared.csproj", "{ED646951-471D-43F5-9554-1547EC51A177}"
EndProject
Project("{FAE04EC0-301F-11D3-BF4B-00C04F79EFBC}") = "Payroll.Tests", "Payroll.Tests\Payroll.Tests.csproj", "{9930E566-8A89-4561-A242-A4496A89E8CE}"
EndProject
Global
	GlobalSection(SolutionConfigurationPlatforms) = preSolution
		Debug|Any CPU = Debug|Any CPU
		Release|Any CPU = Release|Any CPU
	EndGlobalSection
	GlobalSection(ProjectConfigurationPlatforms) = postSolution
		{B911C86C-BD9C-428F-B4FB-6D78ECEF524F}.Debug|Any CPU.ActiveCfg = Debug|Any CPU
		{B911C86C-BD9C-428F-B4FB-6D78ECEF524F}.Debug|Any CPU.Build.0 = Debug|Any CPU
		{B911C86C-BD9C-428F-B4FB-6D78ECEF524F}.Release|Any CPU.ActiveCfg = Release|Any CPU
		{B911C86C-BD9C-428F-B4FB-6D78ECEF524F}.Release|Any CPU.Build.0 = Release|Any CPU
		{6FC4FCBB-B0FC-4238-AEF5-2F506A92BEA8}.Debug|Any CPU.ActiveCfg = Debug|Any CPU
		{6FC4FCBB-B0FC-4238-AEF5-2F506A92BEA8}.Debug|Any CPU.Build.0 = Debug|Any CPU
		{6FC4FCBB-B0FC-4238-AEF5-2F506A92BEA8}.Release|Any CPU.ActiveCfg = Release|Any CPU
		{6FC4FCBB-B0FC-4238-AEF5-2F506A92BEA8}.Release|Any CPU.Build.0 = Release|Any CPU
		{ED646951-471D-43F5-9554-1547EC51A177}.Debug|Any CPU.ActiveCfg = Debug|Any CPU
		{ED646951-471D-43F5-9554-1547EC51A177}.Debug|Any CPU.Build.0 = Debug|Any CPU
		{ED646951-471D-43F5-9554-1547EC51A177}.Release|Any CPU.ActiveCfg = Release|Any CPU
		{ED646951-471D-43F5-9554-1547EC51A177}.Release|Any CPU.Build.0 = Release|Any CPU
		{9930E566-8A89-4561-A242-A4496A89E8CE}.Debug|Any CPU.ActiveCfg = Debug|Any CPU
		{9930E566-8A89-4561-A242-A4496A89E8CE}.Debug|Any CPU.Build.0 = Debug|Any CPU
		{9930E566-8A89-4561-A242-A4496A89E8CE}.Release|Any CPU.ActiveCfg = Release|Any CPU
		{9930E566-8A89-4561-A242-A4496A89E8CE}.Release|Any CPU.Build.0 = Release|Any CPU
	EndGlobalSection
	GlobalSection(SolutionProperties) = preSolution
		HideSolutionNode = FALSE
	EndGlobalSection
	GlobalSection(ExtensibilityGlobals) = postSolution
		SolutionGuid = {27F970F1-0170-4FC5-9B9D-D1C2B5F6787B}
	EndGlobalSection
EndGlobal
